// !$*UTF8*$!
{
	archiveVersion = 1;
	classes = {
	};
	objectVersion = 48;
	objects = {

/* Begin PBXBuildFile section */
		70F44AB31F66DA1400B8FCEC /* AppDelegate.swift in Sources */ = {isa = PBXBuildFile; fileRef = 70F44AB21F66DA1400B8FCEC /* AppDelegate.swift */; };
		70F44AB81F66DA1400B8FCEC /* Main.storyboard in Resources */ = {isa = PBXBuildFile; fileRef = 70F44AB61F66DA1400B8FCEC /* Main.storyboard */; };
		70F44ABA1F66DA1400B8FCEC /* Assets.xcassets in Resources */ = {isa = PBXBuildFile; fileRef = 70F44AB91F66DA1400B8FCEC /* Assets.xcassets */; };
		70F44ABD1F66DA1400B8FCEC /* LaunchScreen.storyboard in Resources */ = {isa = PBXBuildFile; fileRef = 70F44ABB1F66DA1400B8FCEC /* LaunchScreen.storyboard */; };
		70F44AC81F66DA1400B8FCEC /* emojiDictionaryTests.swift in Sources */ = {isa = PBXBuildFile; fileRef = 70F44AC71F66DA1400B8FCEC /* emojiDictionaryTests.swift */; };
		70F44AD31F66DA1400B8FCEC /* emojiDictionaryUITests.swift in Sources */ = {isa = PBXBuildFile; fileRef = 70F44AD21F66DA1400B8FCEC /* emojiDictionaryUITests.swift */; };
		70F44AE11F66DA7200B8FCEC /* MainTableViewController.swift in Sources */ = {isa = PBXBuildFile; fileRef = 70F44AE01F66DA7200B8FCEC /* MainTableViewController.swift */; };
		70F44AE51F66E31900B8FCEC /* DetailViewController.swift in Sources */ = {isa = PBXBuildFile; fileRef = 70F44AE41F66E31900B8FCEC /* DetailViewController.swift */; };
		70F44AE71F670F7900B8FCEC /* Emoji.swift in Sources */ = {isa = PBXBuildFile; fileRef = 70F44AE61F670F7900B8FCEC /* Emoji.swift */; };
		70F44AE91F6715BE00B8FCEC /* BigTextTableViewCell.swift in Sources */ = {isa = PBXBuildFile; fileRef = 70F44AE81F6715BE00B8FCEC /* BigTextTableViewCell.swift */; };
		70F44AEB1F6723DB00B8FCEC /* Colours.swift in Sources */ = {isa = PBXBuildFile; fileRef = 70F44AEA1F6723DB00B8FCEC /* Colours.swift */; };
/* End PBXBuildFile section */

/* Begin PBXContainerItemProxy section */
		70F44AC41F66DA1400B8FCEC /* PBXContainerItemProxy */ = {
			isa = PBXContainerItemProxy;
			containerPortal = 70F44AA71F66DA1400B8FCEC /* Project object */;
			proxyType = 1;
			remoteGlobalIDString = 70F44AAE1F66DA1400B8FCEC;
			remoteInfo = emojiDictionary;
		};
		70F44ACF1F66DA1400B8FCEC /* PBXContainerItemProxy */ = {
			isa = PBXContainerItemProxy;
			containerPortal = 70F44AA71F66DA1400B8FCEC /* Project object */;
			proxyType = 1;
			remoteGlobalIDString = 70F44AAE1F66DA1400B8FCEC;
			remoteInfo = emojiDictionary;
		};
/* End PBXContainerItemProxy section */

/* Begin PBXFileReference section */
		70F44AAF1F66DA1400B8FCEC /* emojiMeaning.app */ = {isa = PBXFileReference; explicitFileType = wrapper.application; includeInIndex = 0; path = emojiMeaning.app; sourceTree = BUILT_PRODUCTS_DIR; };
		70F44AB21F66DA1400B8FCEC /* AppDelegate.swift */ = {isa = PBXFileReference; lastKnownFileType = sourcecode.swift; path = AppDelegate.swift; sourceTree = "<group>"; };
		70F44AB71F66DA1400B8FCEC /* Base */ = {isa = PBXFileReference; lastKnownFileType = file.storyboard; name = Base; path = Base.lproj/Main.storyboard; sourceTree = "<group>"; };
		70F44AB91F66DA1400B8FCEC /* Assets.xcassets */ = {isa = PBXFileReference; lastKnownFileType = folder.assetcatalog; path = Assets.xcassets; sourceTree = "<group>"; };
		70F44ABC1F66DA1400B8FCEC /* Base */ = {isa = PBXFileReference; lastKnownFileType = file.storyboard; name = Base; path = Base.lproj/LaunchScreen.storyboard; sourceTree = "<group>"; };
		70F44ABE1F66DA1400B8FCEC /* Info.plist */ = {isa = PBXFileReference; lastKnownFileType = text.plist.xml; path = Info.plist; sourceTree = "<group>"; };
		70F44AC31F66DA1400B8FCEC /* emojiMeaningTests.xctest */ = {isa = PBXFileReference; explicitFileType = wrapper.cfbundle; includeInIndex = 0; path = emojiMeaningTests.xctest; sourceTree = BUILT_PRODUCTS_DIR; };
		70F44AC71F66DA1400B8FCEC /* emojiDictionaryTests.swift */ = {isa = PBXFileReference; lastKnownFileType = sourcecode.swift; path = emojiDictionaryTests.swift; sourceTree = "<group>"; };
		70F44AC91F66DA1400B8FCEC /* Info.plist */ = {isa = PBXFileReference; lastKnownFileType = text.plist.xml; path = Info.plist; sourceTree = "<group>"; };
		70F44ACE1F66DA1400B8FCEC /* emojiMeaningUITests.xctest */ = {isa = PBXFileReference; explicitFileType = wrapper.cfbundle; includeInIndex = 0; path = emojiMeaningUITests.xctest; sourceTree = BUILT_PRODUCTS_DIR; };
		70F44AD21F66DA1400B8FCEC /* emojiDictionaryUITests.swift */ = {isa = PBXFileReference; lastKnownFileType = sourcecode.swift; path = emojiDictionaryUITests.swift; sourceTree = "<group>"; };
		70F44AD41F66DA1400B8FCEC /* Info.plist */ = {isa = PBXFileReference; lastKnownFileType = text.plist.xml; path = Info.plist; sourceTree = "<group>"; };
		70F44AE01F66DA7200B8FCEC /* MainTableViewController.swift */ = {isa = PBXFileReference; lastKnownFileType = sourcecode.swift; path = MainTableViewController.swift; sourceTree = "<group>"; };
		70F44AE41F66E31900B8FCEC /* DetailViewController.swift */ = {isa = PBXFileReference; lastKnownFileType = sourcecode.swift; path = DetailViewController.swift; sourceTree = "<group>"; };
		70F44AE61F670F7900B8FCEC /* Emoji.swift */ = {isa = PBXFileReference; lastKnownFileType = sourcecode.swift; path = Emoji.swift; sourceTree = "<group>"; };
		70F44AE81F6715BE00B8FCEC /* BigTextTableViewCell.swift */ = {isa = PBXFileReference; lastKnownFileType = sourcecode.swift; path = BigTextTableViewCell.swift; sourceTree = "<group>"; };
		70F44AEA1F6723DB00B8FCEC /* Colours.swift */ = {isa = PBXFileReference; lastKnownFileType = sourcecode.swift; path = Colours.swift; sourceTree = "<group>"; };
/* End PBXFileReference section */

/* Begin PBXFrameworksBuildPhase section */
		70F44AAC1F66DA1400B8FCEC /* Frameworks */ = {
			isa = PBXFrameworksBuildPhase;
			buildActionMask = 2147483647;
			files = (
			);
			runOnlyForDeploymentPostprocessing = 0;
		};
		70F44AC01F66DA1400B8FCEC /* Frameworks */ = {
			isa = PBXFrameworksBuildPhase;
			buildActionMask = 2147483647;
			files = (
			);
			runOnlyForDeploymentPostprocessing = 0;
		};
		70F44ACB1F66DA1400B8FCEC /* Frameworks */ = {
			isa = PBXFrameworksBuildPhase;
			buildActionMask = 2147483647;
			files = (
			);
			runOnlyForDeploymentPostprocessing = 0;
		};
/* End PBXFrameworksBuildPhase section */

/* Begin PBXGroup section */
		70F44AA61F66DA1400B8FCEC = {
			isa = PBXGroup;
			children = (
				70F44AB11F66DA1400B8FCEC /* emojiDictionary */,
				70F44AC61F66DA1400B8FCEC /* emojiDictionaryTests */,
				70F44AD11F66DA1400B8FCEC /* emojiDictionaryUITests */,
				70F44AB01F66DA1400B8FCEC /* Products */,
			);
			sourceTree = "<group>";
		};
		70F44AB01F66DA1400B8FCEC /* Products */ = {
			isa = PBXGroup;
			children = (
				70F44AAF1F66DA1400B8FCEC /* emojiMeaning.app */,
				70F44AC31F66DA1400B8FCEC /* emojiMeaningTests.xctest */,
				70F44ACE1F66DA1400B8FCEC /* emojiMeaningUITests.xctest */,
			);
			name = Products;
			sourceTree = "<group>";
		};
		70F44AB11F66DA1400B8FCEC /* emojiDictionary */ = {
			isa = PBXGroup;
			children = (
				70F44AE01F66DA7200B8FCEC /* MainTableViewController.swift */,
				70F44AE81F6715BE00B8FCEC /* BigTextTableViewCell.swift */,
				70F44AE41F66E31900B8FCEC /* DetailViewController.swift */,
				70F44AE61F670F7900B8FCEC /* Emoji.swift */,
				70F44AEA1F6723DB00B8FCEC /* Colours.swift */,
				70F44AB21F66DA1400B8FCEC /* AppDelegate.swift */,
				70F44AB61F66DA1400B8FCEC /* Main.storyboard */,
				70F44AB91F66DA1400B8FCEC /* Assets.xcassets */,
				70F44ABB1F66DA1400B8FCEC /* LaunchScreen.storyboard */,
				70F44ABE1F66DA1400B8FCEC /* Info.plist */,
			);
			path = emojiDictionary;
			sourceTree = "<group>";
		};
		70F44AC61F66DA1400B8FCEC /* emojiDictionaryTests */ = {
			isa = PBXGroup;
			children = (
				70F44AC71F66DA1400B8FCEC /* emojiDictionaryTests.swift */,
				70F44AC91F66DA1400B8FCEC /* Info.plist */,
			);
			path = emojiDictionaryTests;
			sourceTree = "<group>";
		};
		70F44AD11F66DA1400B8FCEC /* emojiDictionaryUITests */ = {
			isa = PBXGroup;
			children = (
				70F44AD21F66DA1400B8FCEC /* emojiDictionaryUITests.swift */,
				70F44AD41F66DA1400B8FCEC /* Info.plist */,
			);
			path = emojiDictionaryUITests;
			sourceTree = "<group>";
		};
/* End PBXGroup section */

/* Begin PBXNativeTarget section */
		70F44AAE1F66DA1400B8FCEC /* emojiMeaning */ = {
			isa = PBXNativeTarget;
			buildConfigurationList = 70F44AD71F66DA1500B8FCEC /* Build configuration list for PBXNativeTarget "emojiMeaning" */;
			buildPhases = (
				70F44AAB1F66DA1400B8FCEC /* Sources */,
				70F44AAC1F66DA1400B8FCEC /* Frameworks */,
				70F44AAD1F66DA1400B8FCEC /* Resources */,
			);
			buildRules = (
			);
			dependencies = (
			);
			name = emojiMeaning;
			productName = emojiDictionary;
			productReference = 70F44AAF1F66DA1400B8FCEC /* emojiMeaning.app */;
			productType = "com.apple.product-type.application";
		};
		70F44AC21F66DA1400B8FCEC /* emojiMeaningTests */ = {
			isa = PBXNativeTarget;
			buildConfigurationList = 70F44ADA1F66DA1500B8FCEC /* Build configuration list for PBXNativeTarget "emojiMeaningTests" */;
			buildPhases = (
				70F44ABF1F66DA1400B8FCEC /* Sources */,
				70F44AC01F66DA1400B8FCEC /* Frameworks */,
				70F44AC11F66DA1400B8FCEC /* Resources */,
			);
			buildRules = (
			);
			dependencies = (
				70F44AC51F66DA1400B8FCEC /* PBXTargetDependency */,
			);
			name = emojiMeaningTests;
			productName = emojiDictionaryTests;
			productReference = 70F44AC31F66DA1400B8FCEC /* emojiMeaningTests.xctest */;
			productType = "com.apple.product-type.bundle.unit-test";
		};
		70F44ACD1F66DA1400B8FCEC /* emojiMeaningUITests */ = {
			isa = PBXNativeTarget;
			buildConfigurationList = 70F44ADD1F66DA1500B8FCEC /* Build configuration list for PBXNativeTarget "emojiMeaningUITests" */;
			buildPhases = (
				70F44ACA1F66DA1400B8FCEC /* Sources */,
				70F44ACB1F66DA1400B8FCEC /* Frameworks */,
				70F44ACC1F66DA1400B8FCEC /* Resources */,
			);
			buildRules = (
			);
			dependencies = (
				70F44AD01F66DA1400B8FCEC /* PBXTargetDependency */,
			);
			name = emojiMeaningUITests;
			productName = emojiDictionaryUITests;
			productReference = 70F44ACE1F66DA1400B8FCEC /* emojiMeaningUITests.xctest */;
			productType = "com.apple.product-type.bundle.ui-testing";
		};
/* End PBXNativeTarget section */

/* Begin PBXProject section */
		70F44AA71F66DA1400B8FCEC /* Project object */ = {
			isa = PBXProject;
			attributes = {
				LastSwiftUpdateCheck = 0900;
				LastUpgradeCheck = 0900;
				ORGANIZATIONNAME = egoDev;
				TargetAttributes = {
					70F44AAE1F66DA1400B8FCEC = {
						CreatedOnToolsVersion = 9.0;
						ProvisioningStyle = Automatic;
					};
					70F44AC21F66DA1400B8FCEC = {
						CreatedOnToolsVersion = 9.0;
						ProvisioningStyle = Automatic;
						TestTargetID = 70F44AAE1F66DA1400B8FCEC;
					};
					70F44ACD1F66DA1400B8FCEC = {
						CreatedOnToolsVersion = 9.0;
						ProvisioningStyle = Automatic;
						TestTargetID = 70F44AAE1F66DA1400B8FCEC;
					};
				};
			};
			buildConfigurationList = 70F44AAA1F66DA1400B8FCEC /* Build configuration list for PBXProject "emojiMeaning" */;
			compatibilityVersion = "Xcode 8.0";
			developmentRegion = en;
			hasScannedForEncodings = 0;
			knownRegions = (
				en,
				Base,
			);
			mainGroup = 70F44AA61F66DA1400B8FCEC;
			productRefGroup = 70F44AB01F66DA1400B8FCEC /* Products */;
			projectDirPath = "";
			projectRoot = "";
			targets = (
				70F44AAE1F66DA1400B8FCEC /* emojiMeaning */,
				70F44AC21F66DA1400B8FCEC /* emojiMeaningTests */,
				70F44ACD1F66DA1400B8FCEC /* emojiMeaningUITests */,
			);
		};
/* End PBXProject section */

/* Begin PBXResourcesBuildPhase section */
		70F44AAD1F66DA1400B8FCEC /* Resources */ = {
			isa = PBXResourcesBuildPhase;
			buildActionMask = 2147483647;
			files = (
				70F44ABD1F66DA1400B8FCEC /* LaunchScreen.storyboard in Resources */,
				70F44ABA1F66DA1400B8FCEC /* Assets.xcassets in Resources */,
				70F44AB81F66DA1400B8FCEC /* Main.storyboard in Resources */,
			);
			runOnlyForDeploymentPostprocessing = 0;
		};
		70F44AC11F66DA1400B8FCEC /* Resources */ = {
			isa = PBXResourcesBuildPhase;
			buildActionMask = 2147483647;
			files = (
			);
			runOnlyForDeploymentPostprocessing = 0;
		};
		70F44ACC1F66DA1400B8FCEC /* Resources */ = {
			isa = PBXResourcesBuildPhase;
			buildActionMask = 2147483647;
			files = (
			);
			runOnlyForDeploymentPostprocessing = 0;
		};
/* End PBXResourcesBuildPhase section */

/* Begin PBXSourcesBuildPhase section */
		70F44AAB1F66DA1400B8FCEC /* Sources */ = {
			isa = PBXSourcesBuildPhase;
			buildActionMask = 2147483647;
			files = (
				70F44AE91F6715BE00B8FCEC /* BigTextTableViewCell.swift in Sources */,
				70F44AEB1F6723DB00B8FCEC /* Colours.swift in Sources */,
				70F44AE71F670F7900B8FCEC /* Emoji.swift in Sources */,
				70F44AE11F66DA7200B8FCEC /* MainTableViewController.swift in Sources */,
				70F44AB31F66DA1400B8FCEC /* AppDelegate.swift in Sources */,
				70F44AE51F66E31900B8FCEC /* DetailViewController.swift in Sources */,
			);
			runOnlyForDeploymentPostprocessing = 0;
		};
		70F44ABF1F66DA1400B8FCEC /* Sources */ = {
			isa = PBXSourcesBuildPhase;
			buildActionMask = 2147483647;
			files = (
				70F44AC81F66DA1400B8FCEC /* emojiDictionaryTests.swift in Sources */,
			);
			runOnlyForDeploymentPostprocessing = 0;
		};
		70F44ACA1F66DA1400B8FCEC /* Sources */ = {
			isa = PBXSourcesBuildPhase;
			buildActionMask = 2147483647;
			files = (
				70F44AD31F66DA1400B8FCEC /* emojiDictionaryUITests.swift in Sources */,
			);
			runOnlyForDeploymentPostprocessing = 0;
		};
/* End PBXSourcesBuildPhase section */

/* Begin PBXTargetDependency section */
		70F44AC51F66DA1400B8FCEC /* PBXTargetDependency */ = {
			isa = PBXTargetDependency;
			target = 70F44AAE1F66DA1400B8FCEC /* emojiMeaning */;
			targetProxy = 70F44AC41F66DA1400B8FCEC /* PBXContainerItemProxy */;
		};
		70F44AD01F66DA1400B8FCEC /* PBXTargetDependency */ = {
			isa = PBXTargetDependency;
			target = 70F44AAE1F66DA1400B8FCEC /* emojiMeaning */;
			targetProxy = 70F44ACF1F66DA1400B8FCEC /* PBXContainerItemProxy */;
		};
/* End PBXTargetDependency section */

/* Begin PBXVariantGroup section */
		70F44AB61F66DA1400B8FCEC /* Main.storyboard */ = {
			isa = PBXVariantGroup;
			children = (
				70F44AB71F66DA1400B8FCEC /* Base */,
			);
			name = Main.storyboard;
			sourceTree = "<group>";
		};
		70F44ABB1F66DA1400B8FCEC /* LaunchScreen.storyboard */ = {
			isa = PBXVariantGroup;
			children = (
				70F44ABC1F66DA1400B8FCEC /* Base */,
			);
			name = LaunchScreen.storyboard;
			sourceTree = "<group>";
		};
/* End PBXVariantGroup section */

/* Begin XCBuildConfiguration section */
		70F44AD51F66DA1500B8FCEC /* Debug */ = {
			isa = XCBuildConfiguration;
			buildSettings = {
				ALWAYS_SEARCH_USER_PATHS = NO;
				CLANG_ANALYZER_NONNULL = YES;
				CLANG_ANALYZER_NUMBER_OBJECT_CONVERSION = YES_AGGRESSIVE;
				CLANG_CXX_LANGUAGE_STANDARD = "gnu++14";
				CLANG_CXX_LIBRARY = "libc++";
				CLANG_ENABLE_MODULES = YES;
				CLANG_ENABLE_OBJC_ARC = YES;
				CLANG_WARN_BLOCK_CAPTURE_AUTORELEASING = YES;
				CLANG_WARN_BOOL_CONVERSION = YES;
				CLANG_WARN_COMMA = YES;
				CLANG_WARN_CONSTANT_CONVERSION = YES;
				CLANG_WARN_DIRECT_OBJC_ISA_USAGE = YES_ERROR;
				CLANG_WARN_DOCUMENTATION_COMMENTS = YES;
				CLANG_WARN_EMPTY_BODY = YES;
				CLANG_WARN_ENUM_CONVERSION = YES;
				CLANG_WARN_INFINITE_RECURSION = YES;
				CLANG_WARN_INT_CONVERSION = YES;
				CLANG_WARN_NON_LITERAL_NULL_CONVERSION = YES;
				CLANG_WARN_OBJC_LITERAL_CONVERSION = YES;
				CLANG_WARN_OBJC_ROOT_CLASS = YES_ERROR;
				CLANG_WARN_RANGE_LOOP_ANALYSIS = YES;
				CLANG_WARN_STRICT_PROTOTYPES = YES;
				CLANG_WARN_SUSPICIOUS_MOVE = YES;
				CLANG_WARN_UNGUARDED_AVAILABILITY = YES_AGGRESSIVE;
				CLANG_WARN_UNREACHABLE_CODE = YES;
				CLANG_WARN__DUPLICATE_METHOD_MATCH = YES;
				CODE_SIGN_IDENTITY = "iPhone Developer";
				COPY_PHASE_STRIP = NO;
				DEBUG_INFORMATION_FORMAT = dwarf;
				ENABLE_STRICT_OBJC_MSGSEND = YES;
				ENABLE_TESTABILITY = YES;
				GCC_C_LANGUAGE_STANDARD = gnu11;
				GCC_DYNAMIC_NO_PIC = NO;
				GCC_NO_COMMON_BLOCKS = YES;
				GCC_OPTIMIZATION_LEVEL = 0;
				GCC_PREPROCESSOR_DEFINITIONS = (
					"DEBUG=1",
					"$(inherited)",
				);
				GCC_WARN_64_TO_32_BIT_CONVERSION = YES;
				GCC_WARN_ABOUT_RETURN_TYPE = YES_ERROR;
				GCC_WARN_UNDECLARED_SELECTOR = YES;
				GCC_WARN_UNINITIALIZED_AUTOS = YES_AGGRESSIVE;
				GCC_WARN_UNUSED_FUNCTION = YES;
				GCC_WARN_UNUSED_VARIABLE = YES;
				IPHONEOS_DEPLOYMENT_TARGET = 11.0;
				MTL_ENABLE_DEBUG_INFO = YES;
				ONLY_ACTIVE_ARCH = YES;
				SDKROOT = iphoneos;
				SWIFT_ACTIVE_COMPILATION_CONDITIONS = DEBUG;
				SWIFT_OPTIMIZATION_LEVEL = "-Onone";
			};
			name = Debug;
		};
		70F44AD61F66DA1500B8FCEC /* Release */ = {
			isa = XCBuildConfiguration;
			buildSettings = {
				ALWAYS_SEARCH_USER_PATHS = NO;
				CLANG_ANALYZER_NONNULL = YES;
				CLANG_ANALYZER_NUMBER_OBJECT_CONVERSION = YES_AGGRESSIVE;
				CLANG_CXX_LANGUAGE_STANDARD = "gnu++14";
				CLANG_CXX_LIBRARY = "libc++";
				CLANG_ENABLE_MODULES = YES;
				CLANG_ENABLE_OBJC_ARC = YES;
				CLANG_WARN_BLOCK_CAPTURE_AUTORELEASING = YES;
				CLANG_WARN_BOOL_CONVERSION = YES;
				CLANG_WARN_COMMA = YES;
				CLANG_WARN_CONSTANT_CONVERSION = YES;
				CLANG_WARN_DIRECT_OBJC_ISA_USAGE = YES_ERROR;
				CLANG_WARN_DOCUMENTATION_COMMENTS = YES;
				CLANG_WARN_EMPTY_BODY = YES;
				CLANG_WARN_ENUM_CONVERSION = YES;
				CLANG_WARN_INFINITE_RECURSION = YES;
				CLANG_WARN_INT_CONVERSION = YES;
				CLANG_WARN_NON_LITERAL_NULL_CONVERSION = YES;
				CLANG_WARN_OBJC_LITERAL_CONVERSION = YES;
				CLANG_WARN_OBJC_ROOT_CLASS = YES_ERROR;
				CLANG_WARN_RANGE_LOOP_ANALYSIS = YES;
				CLANG_WARN_STRICT_PROTOTYPES = YES;
				CLANG_WARN_SUSPICIOUS_MOVE = YES;
				CLANG_WARN_UNGUARDED_AVAILABILITY = YES_AGGRESSIVE;
				CLANG_WARN_UNREACHABLE_CODE = YES;
				CLANG_WARN__DUPLICATE_METHOD_MATCH = YES;
				CODE_SIGN_IDENTITY = "iPhone Developer";
				COPY_PHASE_STRIP = NO;
				DEBUG_INFORMATION_FORMAT = "dwarf-with-dsym";
				ENABLE_NS_ASSERTIONS = NO;
				ENABLE_STRICT_OBJC_MSGSEND = YES;
				GCC_C_LANGUAGE_STANDARD = gnu11;
				GCC_NO_COMMON_BLOCKS = YES;
				GCC_WARN_64_TO_32_BIT_CONVERSION = YES;
				GCC_WARN_ABOUT_RETURN_TYPE = YES_ERROR;
				GCC_WARN_UNDECLARED_SELECTOR = YES;
				GCC_WARN_UNINITIALIZED_AUTOS = YES_AGGRESSIVE;
				GCC_WARN_UNUSED_FUNCTION = YES;
				GCC_WARN_UNUSED_VARIABLE = YES;
				IPHONEOS_DEPLOYMENT_TARGET = 11.0;
				MTL_ENABLE_DEBUG_INFO = NO;
				SDKROOT = iphoneos;
				SWIFT_OPTIMIZATION_LEVEL = "-Owholemodule";
				VALIDATE_PRODUCT = YES;
			};
			name = Release;
		};
		70F44AD81F66DA1500B8FCEC /* Debug */ = {
			isa = XCBuildConfiguration;
			buildSettings = {
				ASSETCATALOG_COMPILER_APPICON_NAME = AppIcon;
				CODE_SIGN_STYLE = Automatic;
				DEVELOPMENT_TEAM = 895Q7MTPTC;
				INFOPLIST_FILE = emojiDictionary/Info.plist;
				LD_RUNPATH_SEARCH_PATHS = "$(inherited) @executable_path/Frameworks";
				PRODUCT_BUNDLE_IDENTIFIER = uk.egodev.emojiMeaning;
				PRODUCT_NAME = "$(TARGET_NAME)";
				SWIFT_VERSION = 4.0;
				TARGETED_DEVICE_FAMILY = "1,2";
			};
			name = Debug;
		};
		70F44AD91F66DA1500B8FCEC /* Release */ = {
			isa = XCBuildConfiguration;
			buildSettings = {
				ASSETCATALOG_COMPILER_APPICON_NAME = AppIcon;
				CODE_SIGN_STYLE = Automatic;
				DEVELOPMENT_TEAM = 895Q7MTPTC;
				INFOPLIST_FILE = emojiDictionary/Info.plist;
				LD_RUNPATH_SEARCH_PATHS = "$(inherited) @executable_path/Frameworks";
				PRODUCT_BUNDLE_IDENTIFIER = uk.egodev.emojiMeaning;
				PRODUCT_NAME = "$(TARGET_NAME)";
				SWIFT_VERSION = 4.0;
				TARGETED_DEVICE_FAMILY = "1,2";
			};
			name = Release;
		};
		70F44ADB1F66DA1500B8FCEC /* Debug */ = {
			isa = XCBuildConfiguration;
			buildSettings = {
				ALWAYS_EMBED_SWIFT_STANDARD_LIBRARIES = YES;
				BUNDLE_LOADER = "$(TEST_HOST)";
				CODE_SIGN_STYLE = Automatic;
				DEVELOPMENT_TEAM = 895Q7MTPTC;
				INFOPLIST_FILE = emojiDictionaryTests/Info.plist;
				LD_RUNPATH_SEARCH_PATHS = "$(inherited) @executable_path/Frameworks @loader_path/Frameworks";
				PRODUCT_BUNDLE_IDENTIFIER = uk.egodev.emojiDictionaryTests;
				PRODUCT_NAME = "$(TARGET_NAME)";
				SWIFT_VERSION = 4.0;
				TARGETED_DEVICE_FAMILY = "1,2";
				TEST_HOST = "$(BUILT_PRODUCTS_DIR)/emojiMeaning.app/emojiMeaning";
			};
			name = Debug;
		};
		70F44ADC1F66DA1500B8FCEC /* Release */ = {
			isa = XCBuildConfiguration;
			buildSettings = {
				ALWAYS_EMBED_SWIFT_STANDARD_LIBRARIES = YES;
				BUNDLE_LOADER = "$(TEST_HOST)";
				CODE_SIGN_STYLE = Automatic;
				DEVELOPMENT_TEAM = 895Q7MTPTC;
				INFOPLIST_FILE = emojiDictionaryTests/Info.plist;
				LD_RUNPATH_SEARCH_PATHS = "$(inherited) @executable_path/Frameworks @loader_path/Frameworks";
				PRODUCT_BUNDLE_IDENTIFIER = uk.egodev.emojiDictionaryTests;
				PRODUCT_NAME = "$(TARGET_NAME)";
				SWIFT_VERSION = 4.0;
				TARGETED_DEVICE_FAMILY = "1,2";
				TEST_HOST = "$(BUILT_PRODUCTS_DIR)/emojiMeaning.app/emojiMeaning";
			};
			name = Release;
		};
		70F44ADE1F66DA1500B8FCEC /* Debug */ = {
			isa = XCBuildConfiguration;
			buildSettings = {
				ALWAYS_EMBED_SWIFT_STANDARD_LIBRARIES = YES;
				CODE_SIGN_STYLE = Automatic;
				DEVELOPMENT_TEAM = 895Q7MTPTC;
				INFOPLIST_FILE = emojiDictionaryUITests/Info.plist;
				LD_RUNPATH_SEARCH_PATHS = "$(inherited) @executable_path/Frameworks @loader_path/Frameworks";
				PRODUCT_BUNDLE_IDENTIFIER = uk.egodev.emojiDictionaryUITests;
				PRODUCT_NAME = "$(TARGET_NAME)";
				SWIFT_VERSION = 4.0;
				TARGETED_DEVICE_FAMILY = "1,2";
				TEST_TARGET_NAME = emojiDictionary;
			};
			name = Debug;
		};
		70F44ADF1F66DA1500B8FCEC /* Release */ = {
			isa = XCBuildConfiguration;
			buildSettings = {
				ALWAYS_EMBED_SWIFT_STANDARD_LIBRARIES = YES;
				CODE_SIGN_STYLE = Automatic;
				DEVELOPMENT_TEAM = 895Q7MTPTC;
				INFOPLIST_FILE = emojiDictionaryUITests/Info.plist;
				LD_RUNPATH_SEARCH_PATHS = "$(inherited) @executable_path/Frameworks @loader_path/Frameworks";
				PRODUCT_BUNDLE_IDENTIFIER = uk.egodev.emojiDictionaryUITests;
				PRODUCT_NAME = "$(TARGET_NAME)";
				SWIFT_VERSION = 4.0;
				TARGETED_DEVICE_FAMILY = "1,2";
				TEST_TARGET_NAME = emojiDictionary;
			};
			name = Release;
		};
/* End XCBuildConfiguration section */

/* Begin XCConfigurationList section */
		70F44AAA1F66DA1400B8FCEC /* Build configuration list for PBXProject "emojiMeaning" */ = {
			isa = XCConfigurationList;
			buildConfigurations = (
				70F44AD51F66DA1500B8FCEC /* Debug */,
				70F44AD61F66DA1500B8FCEC /* Release */,
			);
			defaultConfigurationIsVisible = 0;
			defaultConfigurationName = Release;
		};
		70F44AD71F66DA1500B8FCEC /* Build configuration list for PBXNativeTarget "emojiMeaning" */ = {
			isa = XCConfigurationList;
			buildConfigurations = (
				70F44AD81F66DA1500B8FCEC /* Debug */,
				70F44AD91F66DA1500B8FCEC /* Release */,
			);
			defaultConfigurationIsVisible = 0;
			defaultConfigurationName = Release;
		};
		70F44ADA1F66DA1500B8FCEC /* Build configuration list for PBXNativeTarget "emojiMeaningTests" */ = {
			isa = XCConfigurationList;
			buildConfigurations = (
				70F44ADB1F66DA1500B8FCEC /* Debug */,
				70F44ADC1F66DA1500B8FCEC /* Release */,
			);
			defaultConfigurationIsVisible = 0;
			defaultConfigurationName = Release;
		};
		70F44ADD1F66DA1500B8FCEC /* Build configuration list for PBXNativeTarget "emojiMeaningUITests" */ = {
			isa = XCConfigurationList;
			buildConfigurations = (
				70F44ADE1F66DA1500B8FCEC /* Debug */,
				70F44ADF1F66DA1500B8FCEC /* Release */,
			);
			defaultConfigurationIsVisible = 0;
			defaultConfigurationName = Release;
		};
/* End XCConfigurationList section */
	};
	rootObject = 70F44AA71F66DA1400B8FCEC /* Project object */;
}
